
Microsoft Visual Studio Solution File, Format Version 12.00
# Visual Studio 15
VisualStudioVersion = 15.0.27130.2027
MinimumVisualStudioVersion = 10.0.40219.1
Project("{FAE04EC0-301F-11D3-BF4B-00C04F79EFBC}") = "CategoryProducts", "CategoryProducts\CategoryProducts.csproj", "{275FCE90-B497-45A7-8A82-F35F909FD8ED}"
EndProject
Global
	GlobalSection(SolutionConfigurationPlatforms) = preSolution
		Debug|Any CPU = Debug|Any CPU
		Release|Any CPU = Release|Any CPU
	EndGlobalSection
	GlobalSection(ProjectConfigurationPlatforms) = postSolution
		{275FCE90-B497-45A7-8A82-F35F909FD8ED}.Debug|Any CPU.ActiveCfg = Debug|Any CPU
		{275FCE90-B497-45A7-8A82-F35F909FD8ED}.Debug|Any CPU.Build.0 = Debug|Any CPU
		{275FCE90-B497-45A7-8A82-F35F909FD8ED}.Release|Any CPU.ActiveCfg = Release|Any CPU
		{275FCE90-B497-45A7-8A82-F35F909FD8ED}.Release|Any CPU.Build.0 = Release|Any CPU
	EndGlobalSection
	GlobalSection(SolutionProperties) = preSolution
		HideSolutionNode = FALSE
	EndGlobalSection
	GlobalSection(ExtensibilityGlobals) = postSolution
		SolutionGuid = {645BFD33-5BB0-4179-80A4-448E3A5C2F50}
	EndGlobalSection
EndGlobal
